
Microsoft Visual Studio Solution File, Format Version 12.00
# Visual Studio 14
VisualStudioVersion = 14.0.25420.1
MinimumVisualStudioVersion = 10.0.40219.1
Project("{FAE04EC0-301F-11D3-BF4B-00C04F79EFBC}") = "ACM.BusinessLayer", "ACM.BusinessLayer\ACM.BusinessLayer.csproj", "{89A3A785-779D-48F1-B598-917694BA304F}"
EndProject
Project("{2150E333-8FDC-42A3-9474-1A3956D46DE8}") = "Tests", "Tests", "{DDD7C92D-E8EB-4D40-8933-5440B345C8CC}"
EndProject
Project("{FAE04EC0-301F-11D3-BF4B-00C04F79EFBC}") = "ACM.BusinessLayerTest", "ACM.BusinessLayerTest\ACM.BusinessLayerTest.csproj", "{B2E946B1-8DD4-444B-B7C3-67EABFA5D332}"
EndProject
Project("{FAE04EC0-301F-11D3-BF4B-00C04F79EFBC}") = "Acme.CommonLib", "Acme.CommonLib\Acme.CommonLib.csproj", "{DD8B323F-0D0A-4040-AD68-B0643FBB866F}"
EndProject
Project("{FAE04EC0-301F-11D3-BF4B-00C04F79EFBC}") = "Acme.CommonLibTest", "Acme.CommonLibTest\Acme.CommonLibTest.csproj", "{37CB68C7-81F4-4CB9-B965-9554E1E719A8}"
EndProject
Global
	GlobalSection(SolutionConfigurationPlatforms) = preSolution
		Debug|Any CPU = Debug|Any CPU
		Release|Any CPU = Release|Any CPU
	EndGlobalSection
	GlobalSection(ProjectConfigurationPlatforms) = postSolution
		{89A3A785-779D-48F1-B598-917694BA304F}.Debug|Any CPU.ActiveCfg = Debug|Any CPU
		{89A3A785-779D-48F1-B598-917694BA304F}.Debug|Any CPU.Build.0 = Debug|Any CPU
		{89A3A785-779D-48F1-B598-917694BA304F}.Release|Any CPU.ActiveCfg = Release|Any CPU
		{89A3A785-779D-48F1-B598-917694BA304F}.Release|Any CPU.Build.0 = Release|Any CPU
		{B2E946B1-8DD4-444B-B7C3-67EABFA5D332}.Debug|Any CPU.ActiveCfg = Debug|Any CPU
		{B2E946B1-8DD4-444B-B7C3-67EABFA5D332}.Debug|Any CPU.Build.0 = Debug|Any CPU
		{B2E946B1-8DD4-444B-B7C3-67EABFA5D332}.Release|Any CPU.ActiveCfg = Release|Any CPU
		{B2E946B1-8DD4-444B-B7C3-67EABFA5D332}.Release|Any CPU.Build.0 = Release|Any CPU
		{DD8B323F-0D0A-4040-AD68-B0643FBB866F}.Debug|Any CPU.ActiveCfg = Debug|Any CPU
		{DD8B323F-0D0A-4040-AD68-B0643FBB866F}.Debug|Any CPU.Build.0 = Debug|Any CPU
		{DD8B323F-0D0A-4040-AD68-B0643FBB866F}.Release|Any CPU.ActiveCfg = Release|Any CPU
		{DD8B323F-0D0A-4040-AD68-B0643FBB866F}.Release|Any CPU.Build.0 = Release|Any CPU
		{37CB68C7-81F4-4CB9-B965-9554E1E719A8}.Debug|Any CPU.ActiveCfg = Debug|Any CPU
		{37CB68C7-81F4-4CB9-B965-9554E1E719A8}.Debug|Any CPU.Build.0 = Debug|Any CPU
		{37CB68C7-81F4-4CB9-B965-9554E1E719A8}.Release|Any CPU.ActiveCfg = Release|Any CPU
		{37CB68C7-81F4-4CB9-B965-9554E1E719A8}.Release|Any CPU.Build.0 = Release|Any CPU
	EndGlobalSection
	GlobalSection(SolutionProperties) = preSolution
		HideSolutionNode = FALSE
	EndGlobalSection
	GlobalSection(NestedProjects) = preSolution
		{B2E946B1-8DD4-444B-B7C3-67EABFA5D332} = {DDD7C92D-E8EB-4D40-8933-5440B345C8CC}
		{37CB68C7-81F4-4CB9-B965-9554E1E719A8} = {DDD7C92D-E8EB-4D40-8933-5440B345C8CC}
	EndGlobalSection
EndGlobal
